
Microsoft Visual Studio Solution File, Format Version 12.00
# Visual Studio Version 16
VisualStudioVersion = 16.0.30011.22
MinimumVisualStudioVersion = 10.0.40219.1
Project("{FAE04EC0-301F-11D3-BF4B-00C04F79EFBC}") = "HusbandWife", "HusbandWife\HusbandWife.csproj", "{1A441011-6818-4F18-A68E-5AFE4ADB1F27}"
EndProject
Project("{00D1A9C2-B5F0-4AF3-8072-F6C62B433612}") = "BharatDB", "BharatDB\BharatDB.sqlproj", "{7D751C6D-773E-4429-B1CE-F25C180A7274}"
EndProject
Project("{FAE04EC0-301F-11D3-BF4B-00C04F79EFBC}") = "HusbandWifeAnalysis", "HusbandWifeAnalysis\HusbandWifeAnalysis.csproj", "{8C8A2416-7D16-4D70-A7AF-6CA73147C568}"
EndProject
Global
	GlobalSection(SolutionConfigurationPlatforms) = preSolution
		Debug|Any CPU = Debug|Any CPU
		Release|Any CPU = Release|Any CPU
	EndGlobalSection
	GlobalSection(ProjectConfigurationPlatforms) = postSolution
		{1A441011-6818-4F18-A68E-5AFE4ADB1F27}.Debug|Any CPU.ActiveCfg = Debug|Any CPU
		{1A441011-6818-4F18-A68E-5AFE4ADB1F27}.Debug|Any CPU.Build.0 = Debug|Any CPU
		{1A441011-6818-4F18-A68E-5AFE4ADB1F27}.Release|Any CPU.ActiveCfg = Release|Any CPU
		{1A441011-6818-4F18-A68E-5AFE4ADB1F27}.Release|Any CPU.Build.0 = Release|Any CPU
		{7D751C6D-773E-4429-B1CE-F25C180A7274}.Debug|Any CPU.ActiveCfg = Debug|Any CPU
		{7D751C6D-773E-4429-B1CE-F25C180A7274}.Debug|Any CPU.Build.0 = Debug|Any CPU
		{7D751C6D-773E-4429-B1CE-F25C180A7274}.Debug|Any CPU.Deploy.0 = Debug|Any CPU
		{7D751C6D-773E-4429-B1CE-F25C180A7274}.Release|Any CPU.ActiveCfg = Release|Any CPU
		{7D751C6D-773E-4429-B1CE-F25C180A7274}.Release|Any CPU.Build.0 = Release|Any CPU
		{7D751C6D-773E-4429-B1CE-F25C180A7274}.Release|Any CPU.Deploy.0 = Release|Any CPU
		{8C8A2416-7D16-4D70-A7AF-6CA73147C568}.Debug|Any CPU.ActiveCfg = Debug|Any CPU
		{8C8A2416-7D16-4D70-A7AF-6CA73147C568}.Debug|Any CPU.Build.0 = Debug|Any CPU
		{8C8A2416-7D16-4D70-A7AF-6CA73147C568}.Release|Any CPU.ActiveCfg = Release|Any CPU
		{8C8A2416-7D16-4D70-A7AF-6CA73147C568}.Release|Any CPU.Build.0 = Release|Any CPU
	EndGlobalSection
	GlobalSection(SolutionProperties) = preSolution
		HideSolutionNode = FALSE
	EndGlobalSection
	GlobalSection(ExtensibilityGlobals) = postSolution
		SolutionGuid = {B72F85D0-D3A4-4998-80AF-42CEFDAA1D90}
	EndGlobalSection
EndGlobal
